
Microsoft Visual Studio Solution File, Format Version 12.00
# Visual Studio Version 16
VisualStudioVersion = 16.0.31205.134
MinimumVisualStudioVersion = 10.0.40219.1
Project("{9A19103F-16F7-4668-BE54-9A1E7A4F7556}") = "MobilOkulProc.Entities", "MobilOkulProc.Entities\MobilOkulProc.Entities.csproj", "{BDD9928A-D29D-4BEC-A4B6-DBC85246DB7F}"
EndProject
Project("{9A19103F-16F7-4668-BE54-9A1E7A4F7556}") = "MobilOkulProc.WebAPI", "MobilOkulProc.WebAPI\MobilOkulProc.WebAPI.csproj", "{D2F76DFF-EAE4-4308-9DF4-B24E9969E9C3}"
EndProject
Project("{9A19103F-16F7-4668-BE54-9A1E7A4F7556}") = "MobilOkulProc.WebApp", "MobilOkulProc.WebApp\MobilOkulProc.WebApp.csproj", "{0C4B3A84-F00F-4A69-A18A-FCA6DA677BFF}"
EndProject
Global
	GlobalSection(SolutionConfigurationPlatforms) = preSolution
		Debug|Any CPU = Debug|Any CPU
		Release|Any CPU = Release|Any CPU
	EndGlobalSection
	GlobalSection(ProjectConfigurationPlatforms) = postSolution
		{BDD9928A-D29D-4BEC-A4B6-DBC85246DB7F}.Debug|Any CPU.ActiveCfg = Debug|Any CPU
		{BDD9928A-D29D-4BEC-A4B6-DBC85246DB7F}.Debug|Any CPU.Build.0 = Debug|Any CPU
		{BDD9928A-D29D-4BEC-A4B6-DBC85246DB7F}.Release|Any CPU.ActiveCfg = Release|Any CPU
		{BDD9928A-D29D-4BEC-A4B6-DBC85246DB7F}.Release|Any CPU.Build.0 = Release|Any CPU
		{D2F76DFF-EAE4-4308-9DF4-B24E9969E9C3}.Debug|Any CPU.ActiveCfg = Debug|Any CPU
		{D2F76DFF-EAE4-4308-9DF4-B24E9969E9C3}.Debug|Any CPU.Build.0 = Debug|Any CPU
		{D2F76DFF-EAE4-4308-9DF4-B24E9969E9C3}.Release|Any CPU.ActiveCfg = Release|Any CPU
		{D2F76DFF-EAE4-4308-9DF4-B24E9969E9C3}.Release|Any CPU.Build.0 = Release|Any CPU
		{0C4B3A84-F00F-4A69-A18A-FCA6DA677BFF}.Debug|Any CPU.ActiveCfg = Debug|Any CPU
		{0C4B3A84-F00F-4A69-A18A-FCA6DA677BFF}.Debug|Any CPU.Build.0 = Debug|Any CPU
		{0C4B3A84-F00F-4A69-A18A-FCA6DA677BFF}.Release|Any CPU.ActiveCfg = Release|Any CPU
		{0C4B3A84-F00F-4A69-A18A-FCA6DA677BFF}.Release|Any CPU.Build.0 = Release|Any CPU
	EndGlobalSection
	GlobalSection(SolutionProperties) = preSolution
		HideSolutionNode = FALSE
	EndGlobalSection
	GlobalSection(ExtensibilityGlobals) = postSolution
		SolutionGuid = {B85CB7CA-DB4C-4723-8415-564685176F8A}
	EndGlobalSection
EndGlobal
